
Microsoft Visual Studio Solution File, Format Version 12.00
# Visual Studio 2013
VisualStudioVersion = 12.0.31101.0
MinimumVisualStudioVersion = 10.0.40219.1
Project("{FAE04EC0-301F-11D3-BF4B-00C04F79EFBC}") = "WindowsBlogReader", "WindowsBlogReader\WindowsBlogReader.csproj", "{8062A157-37AB-4BE0-B817-C80F1CF7420A}"
EndProject
Project("{FAE04EC0-301F-11D3-BF4B-00C04F79EFBC}") = "sqliteTest", "sqliteTest\sqliteTest.csproj", "{D8330095-21CE-4C2C-8D28-612AFD360FF4}"
EndProject
Project("{FAE04EC0-301F-11D3-BF4B-00C04F79EFBC}") = "ComicStarViewer", "ComicStarViewer\ComicStarViewer.csproj", "{D7AE8493-A422-4156-A1AB-70D3272E1827}"
EndProject
Global
	GlobalSection(SolutionConfigurationPlatforms) = preSolution
		Debug|Any CPU = Debug|Any CPU
		Debug|ARM = Debug|ARM
		Debug|x64 = Debug|x64
		Debug|x86 = Debug|x86
		Release|Any CPU = Release|Any CPU
		Release|ARM = Release|ARM
		Release|x64 = Release|x64
		Release|x86 = Release|x86
	EndGlobalSection
	GlobalSection(ProjectConfigurationPlatforms) = postSolution
		{8062A157-37AB-4BE0-B817-C80F1CF7420A}.Debug|Any CPU.ActiveCfg = Debug|Any CPU
		{8062A157-37AB-4BE0-B817-C80F1CF7420A}.Debug|Any CPU.Build.0 = Debug|Any CPU
		{8062A157-37AB-4BE0-B817-C80F1CF7420A}.Debug|Any CPU.Deploy.0 = Debug|Any CPU
		{8062A157-37AB-4BE0-B817-C80F1CF7420A}.Debug|ARM.ActiveCfg = Debug|ARM
		{8062A157-37AB-4BE0-B817-C80F1CF7420A}.Debug|ARM.Build.0 = Debug|ARM
		{8062A157-37AB-4BE0-B817-C80F1CF7420A}.Debug|ARM.Deploy.0 = Debug|ARM
		{8062A157-37AB-4BE0-B817-C80F1CF7420A}.Debug|x64.ActiveCfg = Debug|x64
		{8062A157-37AB-4BE0-B817-C80F1CF7420A}.Debug|x64.Build.0 = Debug|x64
		{8062A157-37AB-4BE0-B817-C80F1CF7420A}.Debug|x64.Deploy.0 = Debug|x64
		{8062A157-37AB-4BE0-B817-C80F1CF7420A}.Debug|x86.ActiveCfg = Debug|x86
		{8062A157-37AB-4BE0-B817-C80F1CF7420A}.Debug|x86.Build.0 = Debug|x86
		{8062A157-37AB-4BE0-B817-C80F1CF7420A}.Debug|x86.Deploy.0 = Debug|x86
		{8062A157-37AB-4BE0-B817-C80F1CF7420A}.Release|Any CPU.ActiveCfg = Release|Any CPU
		{8062A157-37AB-4BE0-B817-C80F1CF7420A}.Release|Any CPU.Build.0 = Release|Any CPU
		{8062A157-37AB-4BE0-B817-C80F1CF7420A}.Release|Any CPU.Deploy.0 = Release|Any CPU
		{8062A157-37AB-4BE0-B817-C80F1CF7420A}.Release|ARM.ActiveCfg = Release|ARM
		{8062A157-37AB-4BE0-B817-C80F1CF7420A}.Release|ARM.Build.0 = Release|ARM
		{8062A157-37AB-4BE0-B817-C80F1CF7420A}.Release|ARM.Deploy.0 = Release|ARM
		{8062A157-37AB-4BE0-B817-C80F1CF7420A}.Release|x64.ActiveCfg = Release|x64
		{8062A157-37AB-4BE0-B817-C80F1CF7420A}.Release|x64.Build.0 = Release|x64
		{8062A157-37AB-4BE0-B817-C80F1CF7420A}.Release|x64.Deploy.0 = Release|x64
		{8062A157-37AB-4BE0-B817-C80F1CF7420A}.Release|x86.ActiveCfg = Release|x86
		{8062A157-37AB-4BE0-B817-C80F1CF7420A}.Release|x86.Build.0 = Release|x86
		{8062A157-37AB-4BE0-B817-C80F1CF7420A}.Release|x86.Deploy.0 = Release|x86
		{D8330095-21CE-4C2C-8D28-612AFD360FF4}.Debug|Any CPU.ActiveCfg = Debug|Any CPU
		{D8330095-21CE-4C2C-8D28-612AFD360FF4}.Debug|Any CPU.Build.0 = Debug|Any CPU
		{D8330095-21CE-4C2C-8D28-612AFD360FF4}.Debug|Any CPU.Deploy.0 = Debug|Any CPU
		{D8330095-21CE-4C2C-8D28-612AFD360FF4}.Debug|ARM.ActiveCfg = Debug|ARM
		{D8330095-21CE-4C2C-8D28-612AFD360FF4}.Debug|ARM.Build.0 = Debug|ARM
		{D8330095-21CE-4C2C-8D28-612AFD360FF4}.Debug|ARM.Deploy.0 = Debug|ARM
		{D8330095-21CE-4C2C-8D28-612AFD360FF4}.Debug|x64.ActiveCfg = Debug|x64
		{D8330095-21CE-4C2C-8D28-612AFD360FF4}.Debug|x64.Build.0 = Debug|x64
		{D8330095-21CE-4C2C-8D28-612AFD360FF4}.Debug|x64.Deploy.0 = Debug|x64
		{D8330095-21CE-4C2C-8D28-612AFD360FF4}.Debug|x86.ActiveCfg = Debug|x86
		{D8330095-21CE-4C2C-8D28-612AFD360FF4}.Debug|x86.Build.0 = Debug|x86
		{D8330095-21CE-4C2C-8D28-612AFD360FF4}.Debug|x86.Deploy.0 = Debug|x86
		{D8330095-21CE-4C2C-8D28-612AFD360FF4}.Release|Any CPU.ActiveCfg = Release|Any CPU
		{D8330095-21CE-4C2C-8D28-612AFD360FF4}.Release|Any CPU.Build.0 = Release|Any CPU
		{D8330095-21CE-4C2C-8D28-612AFD360FF4}.Release|Any CPU.Deploy.0 = Release|Any CPU
		{D8330095-21CE-4C2C-8D28-612AFD360FF4}.Release|ARM.ActiveCfg = Release|ARM
		{D8330095-21CE-4C2C-8D28-612AFD360FF4}.Release|ARM.Build.0 = Release|ARM
		{D8330095-21CE-4C2C-8D28-612AFD360FF4}.Release|ARM.Deploy.0 = Release|ARM
		{D8330095-21CE-4C2C-8D28-612AFD360FF4}.Release|x64.ActiveCfg = Release|x64
		{D8330095-21CE-4C2C-8D28-612AFD360FF4}.Release|x64.Build.0 = Release|x64
		{D8330095-21CE-4C2C-8D28-612AFD360FF4}.Release|x64.Deploy.0 = Release|x64
		{D8330095-21CE-4C2C-8D28-612AFD360FF4}.Release|x86.ActiveCfg = Release|x86
		{D8330095-21CE-4C2C-8D28-612AFD360FF4}.Release|x86.Build.0 = Release|x86
		{D8330095-21CE-4C2C-8D28-612AFD360FF4}.Release|x86.Deploy.0 = Release|x86
		{D7AE8493-A422-4156-A1AB-70D3272E1827}.Debug|Any CPU.ActiveCfg = Debug|Any CPU
		{D7AE8493-A422-4156-A1AB-70D3272E1827}.Debug|Any CPU.Build.0 = Debug|Any CPU
		{D7AE8493-A422-4156-A1AB-70D3272E1827}.Debug|Any CPU.Deploy.0 = Debug|Any CPU
		{D7AE8493-A422-4156-A1AB-70D3272E1827}.Debug|ARM.ActiveCfg = Debug|ARM
		{D7AE8493-A422-4156-A1AB-70D3272E1827}.Debug|ARM.Build.0 = Debug|ARM
		{D7AE8493-A422-4156-A1AB-70D3272E1827}.Debug|ARM.Deploy.0 = Debug|ARM
		{D7AE8493-A422-4156-A1AB-70D3272E1827}.Debug|x64.ActiveCfg = Debug|x64
		{D7AE8493-A422-4156-A1AB-70D3272E1827}.Debug|x64.Build.0 = Debug|x64
		{D7AE8493-A422-4156-A1AB-70D3272E1827}.Debug|x64.Deploy.0 = Debug|x64
		{D7AE8493-A422-4156-A1AB-70D3272E1827}.Debug|x86.ActiveCfg = Debug|x86
		{D7AE8493-A422-4156-A1AB-70D3272E1827}.Debug|x86.Build.0 = Debug|x86
		{D7AE8493-A422-4156-A1AB-70D3272E1827}.Debug|x86.Deploy.0 = Debug|x86
		{D7AE8493-A422-4156-A1AB-70D3272E1827}.Release|Any CPU.ActiveCfg = Release|Any CPU
		{D7AE8493-A422-4156-A1AB-70D3272E1827}.Release|Any CPU.Build.0 = Release|Any CPU
		{D7AE8493-A422-4156-A1AB-70D3272E1827}.Release|Any CPU.Deploy.0 = Release|Any CPU
		{D7AE8493-A422-4156-A1AB-70D3272E1827}.Release|ARM.ActiveCfg = Release|ARM
		{D7AE8493-A422-4156-A1AB-70D3272E1827}.Release|ARM.Build.0 = Release|ARM
		{D7AE8493-A422-4156-A1AB-70D3272E1827}.Release|ARM.Deploy.0 = Release|ARM
		{D7AE8493-A422-4156-A1AB-70D3272E1827}.Release|x64.ActiveCfg = Release|x64
		{D7AE8493-A422-4156-A1AB-70D3272E1827}.Release|x64.Build.0 = Release|x64
		{D7AE8493-A422-4156-A1AB-70D3272E1827}.Release|x64.Deploy.0 = Release|x64
		{D7AE8493-A422-4156-A1AB-70D3272E1827}.Release|x86.ActiveCfg = Release|x86
		{D7AE8493-A422-4156-A1AB-70D3272E1827}.Release|x86.Build.0 = Release|x86
		{D7AE8493-A422-4156-A1AB-70D3272E1827}.Release|x86.Deploy.0 = Release|x86
	EndGlobalSection
	GlobalSection(SolutionProperties) = preSolution
		HideSolutionNode = FALSE
	EndGlobalSection
EndGlobal
